<?xml version="1.0" encoding="utf-8"?>
<Project ToolsVersion="4.0" xmlns="http://schemas.microsoft.com/developer/msbuild/2003">
  <ItemGroup>
    <ClCompile Include="src\main.cpp" />
    <ClCompile Include="src\parser\variablesparser.cpp" />
    <ClCompile Include="src\storage\variablesstorage.cpp" />
    <ClCompile Include="src\parser\valuesparser.cpp" />
    <ClCompile Include="src\storage\valuesstorage.cpp" />
    <ClCompile Include="src\templateengine.cpp" />
    <ClCompile Include="src\shared\stringhelper.cpp" />
    <ClCompile Include="src\component\component.cpp" />
    <ClCompile Include="src\component\staticcomponent.cpp" />
    <ClCompile Include="src\component\variablecomponent.cpp" />
    <ClCompile Include="src\component\nestedcomponent.cpp" />
    <ClCompile Include="src\component\loopcomponent.cpp" />
    <ClCompile Include="src\parser\templateparser.cpp" />
  </ItemGroup>
  <ItemGroup>
    <ClInclude Include="src\parser\variablesparser.h" />
    <ClInclude Include="src\storage\variablesstorage.h" />
    <ClInclude Include="src\parser\valuesparser.h" />
    <ClInclude Include="src\storage\valuesstorage.h" />
    <ClInclude Include="src\shared\variabletype.h" />
    <ClInclude Include="src\shared\validationexception.h" />
    <ClInclude Include="src\templateengine.h" />
    <ClInclude Include="src\shared\stringhelper.h" />
    <ClInclude Include="src\component\component.h" />
    <ClInclude Include="src\component\staticcomponent.h" />
    <ClInclude Include="src\component\variablecomponent.h" />
    <ClInclude Include="src\component\nestedcomponent.h" />
    <ClInclude Include="src\component\loopcomponent.h" />
    <ClInclude Include="src\parser\templateparser.h" />
  </ItemGroup>
  <ItemGroup>
    <None Include=".gitignore" />
    <None Include=".gitattributes" />
    <None Include="src\.editorconfig" />
  </ItemGroup>
  <ItemGroup>
    <Text Include="data\data.txt" />
    <Text Include="data\template.txt" />
    <Text Include="data\data_spaced.txt" />
  </ItemGroup>
</Project>